// !$*UTF8*$!
{
	archiveVersion = 1;
	classes = {
	};
	objectVersion = 56;
	objects = {

/* Begin PBXBuildFile section */
		D23862A52B835D0200286EBE /* Realm in Frameworks */ = {isa = PBXBuildFile; productRef = D23862A42B835D0200286EBE /* Realm */; };
		D23862A72B835D0200286EBE /* RealmSwift in Frameworks */ = {isa = PBXBuildFile; productRef = D23862A62B835D0200286EBE /* RealmSwift */; };
		D23862AA2B835E3E00286EBE /* StorageManager.swift in Sources */ = {isa = PBXBuildFile; fileRef = D23862A92B835E3E00286EBE /* StorageManager.swift */; };
		D23862AC2B8360FD00286EBE /* DataManager.swift in Sources */ = {isa = PBXBuildFile; fileRef = D23862AB2B8360FD00286EBE /* DataManager.swift */; };
		D23862B22B8376B700286EBE /* FilledButtonFactory.swift in Sources */ = {isa = PBXBuildFile; fileRef = D23862B12B8376B700286EBE /* FilledButtonFactory.swift */; };
		D27682092B80BBCB002F36A8 /* AppDelegate.swift in Sources */ = {isa = PBXBuildFile; fileRef = D27682082B80BBCB002F36A8 /* AppDelegate.swift */; };
		D276820B2B80BBCB002F36A8 /* SceneDelegate.swift in Sources */ = {isa = PBXBuildFile; fileRef = D276820A2B80BBCB002F36A8 /* SceneDelegate.swift */; };
		D276820D2B80BBCB002F36A8 /* TasksListViewController.swift in Sources */ = {isa = PBXBuildFile; fileRef = D276820C2B80BBCB002F36A8 /* TasksListViewController.swift */; };
		D27682122B80BBCC002F36A8 /* Assets.xcassets in Resources */ = {isa = PBXBuildFile; fileRef = D27682112B80BBCC002F36A8 /* Assets.xcassets */; };
		D27682152B80BBCC002F36A8 /* LaunchScreen.storyboard in Resources */ = {isa = PBXBuildFile; fileRef = D27682132B80BBCC002F36A8 /* LaunchScreen.storyboard */; };
		D276821F2B80BFE4002F36A8 /* TaskViewController.swift in Sources */ = {isa = PBXBuildFile; fileRef = D276821E2B80BFE4002F36A8 /* TaskViewController.swift */; };
		D27682222B80C1F9002F36A8 /* ToDoTask.swift in Sources */ = {isa = PBXBuildFile; fileRef = D27682212B80C1F9002F36A8 /* ToDoTask.swift */; };
/* End PBXBuildFile section */

/* Begin PBXFileReference section */
		D23862A92B835E3E00286EBE /* StorageManager.swift */ = {isa = PBXFileReference; lastKnownFileType = sourcecode.swift; path = StorageManager.swift; sourceTree = "<group>"; };
		D23862AB2B8360FD00286EBE /* DataManager.swift */ = {isa = PBXFileReference; lastKnownFileType = sourcecode.swift; path = DataManager.swift; sourceTree = "<group>"; };
		D23862B12B8376B700286EBE /* FilledButtonFactory.swift */ = {isa = PBXFileReference; lastKnownFileType = sourcecode.swift; path = FilledButtonFactory.swift; sourceTree = "<group>"; };
		D27682052B80BBCB002F36A8 /* Cosas.app */ = {isa = PBXFileReference; explicitFileType = wrapper.application; includeInIndex = 0; path = Cosas.app; sourceTree = BUILT_PRODUCTS_DIR; };
		D27682082B80BBCB002F36A8 /* AppDelegate.swift */ = {isa = PBXFileReference; lastKnownFileType = sourcecode.swift; path = AppDelegate.swift; sourceTree = "<group>"; };
		D276820A2B80BBCB002F36A8 /* SceneDelegate.swift */ = {isa = PBXFileReference; lastKnownFileType = sourcecode.swift; path = SceneDelegate.swift; sourceTree = "<group>"; };
		D276820C2B80BBCB002F36A8 /* TasksListViewController.swift */ = {isa = PBXFileReference; lastKnownFileType = sourcecode.swift; path = TasksListViewController.swift; sourceTree = "<group>"; };
		D27682112B80BBCC002F36A8 /* Assets.xcassets */ = {isa = PBXFileReference; lastKnownFileType = folder.assetcatalog; path = Assets.xcassets; sourceTree = "<group>"; };
		D27682142B80BBCC002F36A8 /* Base */ = {isa = PBXFileReference; lastKnownFileType = file.storyboard; name = Base; path = Base.lproj/LaunchScreen.storyboard; sourceTree = "<group>"; };
		D27682162B80BBCC002F36A8 /* Info.plist */ = {isa = PBXFileReference; lastKnownFileType = text.plist.xml; path = Info.plist; sourceTree = "<group>"; };
		D276821E2B80BFE4002F36A8 /* TaskViewController.swift */ = {isa = PBXFileReference; lastKnownFileType = sourcecode.swift; path = TaskViewController.swift; sourceTree = "<group>"; };
		D27682212B80C1F9002F36A8 /* ToDoTask.swift */ = {isa = PBXFileReference; lastKnownFileType = sourcecode.swift; path = ToDoTask.swift; sourceTree = "<group>"; };
/* End PBXFileReference section */

/* Begin PBXFrameworksBuildPhase section */
		D27682022B80BBCB002F36A8 /* Frameworks */ = {
			isa = PBXFrameworksBuildPhase;
			buildActionMask = 2147483647;
			files = (
				D23862A72B835D0200286EBE /* RealmSwift in Frameworks */,
				D23862A52B835D0200286EBE /* Realm in Frameworks */,
			);
			runOnlyForDeploymentPostprocessing = 0;
		};
/* End PBXFrameworksBuildPhase section */

/* Begin PBXGroup section */
		D23862A82B835E2A00286EBE /* Services */ = {
			isa = PBXGroup;
			children = (
				D23862A92B835E3E00286EBE /* StorageManager.swift */,
				D23862AB2B8360FD00286EBE /* DataManager.swift */,
			);
			path = Services;
			sourceTree = "<group>";
		};
		D23862B02B8376A300286EBE /* Factories */ = {
			isa = PBXGroup;
			children = (
				D23862B12B8376B700286EBE /* FilledButtonFactory.swift */,
			);
			path = Factories;
			sourceTree = "<group>";
		};
		D27681FC2B80BBCB002F36A8 = {
			isa = PBXGroup;
			children = (
				D27682072B80BBCB002F36A8 /* Cosas */,
				D27682132B80BBCC002F36A8 /* LaunchScreen.storyboard */,
				D27682112B80BBCC002F36A8 /* Assets.xcassets */,
				D27682062B80BBCB002F36A8 /* Products */,
			);
			sourceTree = "<group>";
		};
		D27682062B80BBCB002F36A8 /* Products */ = {
			isa = PBXGroup;
			children = (
				D27682052B80BBCB002F36A8 /* Cosas.app */,
			);
			name = Products;
			sourceTree = "<group>";
		};
		D27682072B80BBCB002F36A8 /* Cosas */ = {
			isa = PBXGroup;
			children = (
				D276821D2B80BC50002F36A8 /* ViewControllers */,
				D23862A82B835E2A00286EBE /* Services */,
				D23862B02B8376A300286EBE /* Factories */,
				D27682202B80C1ED002F36A8 /* Models */,
				D276821C2B80BC35002F36A8 /* App */,
			);
			path = Cosas;
			sourceTree = "<group>";
		};
		D276821C2B80BC35002F36A8 /* App */ = {
			isa = PBXGroup;
			children = (
				D27682082B80BBCB002F36A8 /* AppDelegate.swift */,
				D276820A2B80BBCB002F36A8 /* SceneDelegate.swift */,
				D27682162B80BBCC002F36A8 /* Info.plist */,
			);
			path = App;
			sourceTree = "<group>";
		};
		D276821D2B80BC50002F36A8 /* ViewControllers */ = {
			isa = PBXGroup;
			children = (
				D276820C2B80BBCB002F36A8 /* TasksListViewController.swift */,
				D276821E2B80BFE4002F36A8 /* TaskViewController.swift */,
			);
			path = ViewControllers;
			sourceTree = "<group>";
		};
		D27682202B80C1ED002F36A8 /* Models */ = {
			isa = PBXGroup;
			children = (
				D27682212B80C1F9002F36A8 /* ToDoTask.swift */,
			);
			path = Models;
			sourceTree = "<group>";
		};
/* End PBXGroup section */

/* Begin PBXNativeTarget section */
		D27682042B80BBCB002F36A8 /* Cosas */ = {
			isa = PBXNativeTarget;
			buildConfigurationList = D27682192B80BBCC002F36A8 /* Build configuration list for PBXNativeTarget "Cosas" */;
			buildPhases = (
				D27682012B80BBCB002F36A8 /* Sources */,
				D27682022B80BBCB002F36A8 /* Frameworks */,
				D27682032B80BBCB002F36A8 /* Resources */,
			);
			buildRules = (
			);
			dependencies = (
			);
			name = Cosas;
			packageProductDependencies = (
				D23862A42B835D0200286EBE /* Realm */,
				D23862A62B835D0200286EBE /* RealmSwift */,
			);
			productName = Cosas;
			productReference = D27682052B80BBCB002F36A8 /* Cosas.app */;
			productType = "com.apple.product-type.application";
		};
/* End PBXNativeTarget section */

/* Begin PBXProject section */
		D27681FD2B80BBCB002F36A8 /* Project object */ = {
			isa = PBXProject;
			attributes = {
				BuildIndependentTargetsInParallel = 1;
				LastSwiftUpdateCheck = 1520;
				LastUpgradeCheck = 1520;
				TargetAttributes = {
					D27682042B80BBCB002F36A8 = {
						CreatedOnToolsVersion = 15.2;
					};
				};
			};
			buildConfigurationList = D27682002B80BBCB002F36A8 /* Build configuration list for PBXProject "Cosas" */;
			compatibilityVersion = "Xcode 14.0";
			developmentRegion = en;
			hasScannedForEncodings = 0;
			knownRegions = (
				en,
				Base,
			);
			mainGroup = D27681FC2B80BBCB002F36A8;
			packageReferences = (
				D23862A32B835D0100286EBE /* XCRemoteSwiftPackageReference "realm-swift" */,
			);
			productRefGroup = D27682062B80BBCB002F36A8 /* Products */;
			projectDirPath = "";
			projectRoot = "";
			targets = (
				D27682042B80BBCB002F36A8 /* Cosas */,
			);
		};
/* End PBXProject section */

/* Begin PBXResourcesBuildPhase section */
		D27682032B80BBCB002F36A8 /* Resources */ = {
			isa = PBXResourcesBuildPhase;
			buildActionMask = 2147483647;
			files = (
				D27682152B80BBCC002F36A8 /* LaunchScreen.storyboard in Resources */,
				D27682122B80BBCC002F36A8 /* Assets.xcassets in Resources */,
			);
			runOnlyForDeploymentPostprocessing = 0;
		};
/* End PBXResourcesBuildPhase section */

/* Begin PBXSourcesBuildPhase section */
		D27682012B80BBCB002F36A8 /* Sources */ = {
			isa = PBXSourcesBuildPhase;
			buildActionMask = 2147483647;
			files = (
				D276820D2B80BBCB002F36A8 /* TasksListViewController.swift in Sources */,
				D276821F2B80BFE4002F36A8 /* TaskViewController.swift in Sources */,
				D27682222B80C1F9002F36A8 /* ToDoTask.swift in Sources */,
				D23862AC2B8360FD00286EBE /* DataManager.swift in Sources */,
				D23862AA2B835E3E00286EBE /* StorageManager.swift in Sources */,
				D27682092B80BBCB002F36A8 /* AppDelegate.swift in Sources */,
				D276820B2B80BBCB002F36A8 /* SceneDelegate.swift in Sources */,
				D23862B22B8376B700286EBE /* FilledButtonFactory.swift in Sources */,
			);
			runOnlyForDeploymentPostprocessing = 0;
		};
/* End PBXSourcesBuildPhase section */

/* Begin PBXVariantGroup section */
		D27682132B80BBCC002F36A8 /* LaunchScreen.storyboard */ = {
			isa = PBXVariantGroup;
			children = (
				D27682142B80BBCC002F36A8 /* Base */,
			);
			name = LaunchScreen.storyboard;
			sourceTree = "<group>";
		};
/* End PBXVariantGroup section */

/* Begin XCBuildConfiguration section */
		D27682172B80BBCC002F36A8 /* Debug */ = {
			isa = XCBuildConfiguration;
			buildSettings = {
				ALWAYS_SEARCH_USER_PATHS = NO;
				ASSETCATALOG_COMPILER_GENERATE_SWIFT_ASSET_SYMBOL_EXTENSIONS = YES;
				CLANG_ANALYZER_NONNULL = YES;
				CLANG_ANALYZER_NUMBER_OBJECT_CONVERSION = YES_AGGRESSIVE;
				CLANG_CXX_LANGUAGE_STANDARD = "gnu++20";
				CLANG_ENABLE_MODULES = YES;
				CLANG_ENABLE_OBJC_ARC = YES;
				CLANG_ENABLE_OBJC_WEAK = YES;
				CLANG_WARN_BLOCK_CAPTURE_AUTORELEASING = YES;
				CLANG_WARN_BOOL_CONVERSION = YES;
				CLANG_WARN_COMMA = YES;
				CLANG_WARN_CONSTANT_CONVERSION = YES;
				CLANG_WARN_DEPRECATED_OBJC_IMPLEMENTATIONS = YES;
				CLANG_WARN_DIRECT_OBJC_ISA_USAGE = YES_ERROR;
				CLANG_WARN_DOCUMENTATION_COMMENTS = YES;
				CLANG_WARN_EMPTY_BODY = YES;
				CLANG_WARN_ENUM_CONVERSION = YES;
				CLANG_WARN_INFINITE_RECURSION = YES;
				CLANG_WARN_INT_CONVERSION = YES;
				CLANG_WARN_NON_LITERAL_NULL_CONVERSION = YES;
				CLANG_WARN_OBJC_IMPLICIT_RETAIN_SELF = YES;
				CLANG_WARN_OBJC_LITERAL_CONVERSION = YES;
				CLANG_WARN_OBJC_ROOT_CLASS = YES_ERROR;
				CLANG_WARN_QUOTED_INCLUDE_IN_FRAMEWORK_HEADER = YES;
				CLANG_WARN_RANGE_LOOP_ANALYSIS = YES;
				CLANG_WARN_STRICT_PROTOTYPES = YES;
				CLANG_WARN_SUSPICIOUS_MOVE = YES;
				CLANG_WARN_UNGUARDED_AVAILABILITY = YES_AGGRESSIVE;
				CLANG_WARN_UNREACHABLE_CODE = YES;
				CLANG_WARN__DUPLICATE_METHOD_MATCH = YES;
				COPY_PHASE_STRIP = NO;
				DEBUG_INFORMATION_FORMAT = dwarf;
				ENABLE_STRICT_OBJC_MSGSEND = YES;
				ENABLE_TESTABILITY = YES;
				ENABLE_USER_SCRIPT_SANDBOXING = YES;
				GCC_C_LANGUAGE_STANDARD = gnu17;
				GCC_DYNAMIC_NO_PIC = NO;
				GCC_NO_COMMON_BLOCKS = YES;
				GCC_OPTIMIZATION_LEVEL = 0;
				GCC_PREPROCESSOR_DEFINITIONS = (
					"DEBUG=1",
					"$(inherited)",
				);
				GCC_WARN_64_TO_32_BIT_CONVERSION = YES;
				GCC_WARN_ABOUT_RETURN_TYPE = YES_ERROR;
				GCC_WARN_UNDECLARED_SELECTOR = YES;
				GCC_WARN_UNINITIALIZED_AUTOS = YES_AGGRESSIVE;
				GCC_WARN_UNUSED_FUNCTION = YES;
				GCC_WARN_UNUSED_VARIABLE = YES;
				IPHONEOS_DEPLOYMENT_TARGET = 17.2;
				LOCALIZATION_PREFERS_STRING_CATALOGS = YES;
				MTL_ENABLE_DEBUG_INFO = INCLUDE_SOURCE;
				MTL_FAST_MATH = YES;
				ONLY_ACTIVE_ARCH = YES;
				SDKROOT = iphoneos;
				SWIFT_ACTIVE_COMPILATION_CONDITIONS = "DEBUG $(inherited)";
				SWIFT_OPTIMIZATION_LEVEL = "-Onone";
			};
			name = Debug;
		};
		D27682182B80BBCC002F36A8 /* Release */ = {
			isa = XCBuildConfiguration;
			buildSettings = {
				ALWAYS_SEARCH_USER_PATHS = NO;
				ASSETCATALOG_COMPILER_GENERATE_SWIFT_ASSET_SYMBOL_EXTENSIONS = YES;
				CLANG_ANALYZER_NONNULL = YES;
				CLANG_ANALYZER_NUMBER_OBJECT_CONVERSION = YES_AGGRESSIVE;
				CLANG_CXX_LANGUAGE_STANDARD = "gnu++20";
				CLANG_ENABLE_MODULES = YES;
				CLANG_ENABLE_OBJC_ARC = YES;
				CLANG_ENABLE_OBJC_WEAK = YES;
				CLANG_WARN_BLOCK_CAPTURE_AUTORELEASING = YES;
				CLANG_WARN_BOOL_CONVERSION = YES;
				CLANG_WARN_COMMA = YES;
				CLANG_WARN_CONSTANT_CONVERSION = YES;
				CLANG_WARN_DEPRECATED_OBJC_IMPLEMENTATIONS = YES;
				CLANG_WARN_DIRECT_OBJC_ISA_USAGE = YES_ERROR;
				CLANG_WARN_DOCUMENTATION_COMMENTS = YES;
				CLANG_WARN_EMPTY_BODY = YES;
				CLANG_WARN_ENUM_CONVERSION = YES;
				CLANG_WARN_INFINITE_RECURSION = YES;
				CLANG_WARN_INT_CONVERSION = YES;
				CLANG_WARN_NON_LITERAL_NULL_CONVERSION = YES;
				CLANG_WARN_OBJC_IMPLICIT_RETAIN_SELF = YES;
				CLANG_WARN_OBJC_LITERAL_CONVERSION = YES;
				CLANG_WARN_OBJC_ROOT_CLASS = YES_ERROR;
				CLANG_WARN_QUOTED_INCLUDE_IN_FRAMEWORK_HEADER = YES;
				CLANG_WARN_RANGE_LOOP_ANALYSIS = YES;
				CLANG_WARN_STRICT_PROTOTYPES = YES;
				CLANG_WARN_SUSPICIOUS_MOVE = YES;
				CLANG_WARN_UNGUARDED_AVAILABILITY = YES_AGGRESSIVE;
				CLANG_WARN_UNREACHABLE_CODE = YES;
				CLANG_WARN__DUPLICATE_METHOD_MATCH = YES;
				COPY_PHASE_STRIP = NO;
				DEBUG_INFORMATION_FORMAT = "dwarf-with-dsym";
				ENABLE_NS_ASSERTIONS = NO;
				ENABLE_STRICT_OBJC_MSGSEND = YES;
				ENABLE_USER_SCRIPT_SANDBOXING = YES;
				GCC_C_LANGUAGE_STANDARD = gnu17;
				GCC_NO_COMMON_BLOCKS = YES;
				GCC_WARN_64_TO_32_BIT_CONVERSION = YES;
				GCC_WARN_ABOUT_RETURN_TYPE = YES_ERROR;
				GCC_WARN_UNDECLARED_SELECTOR = YES;
				GCC_WARN_UNINITIALIZED_AUTOS = YES_AGGRESSIVE;
				GCC_WARN_UNUSED_FUNCTION = YES;
				GCC_WARN_UNUSED_VARIABLE = YES;
				IPHONEOS_DEPLOYMENT_TARGET = 17.2;
				LOCALIZATION_PREFERS_STRING_CATALOGS = YES;
				MTL_ENABLE_DEBUG_INFO = NO;
				MTL_FAST_MATH = YES;
				SDKROOT = iphoneos;
				SWIFT_COMPILATION_MODE = wholemodule;
				VALIDATE_PRODUCT = YES;
			};
			name = Release;
		};
		D276821A2B80BBCC002F36A8 /* Debug */ = {
			isa = XCBuildConfiguration;
			buildSettings = {
				ASSETCATALOG_COMPILER_APPICON_NAME = AppIcon;
				ASSETCATALOG_COMPILER_GLOBAL_ACCENT_COLOR_NAME = AccentColor;
				CODE_SIGN_STYLE = Automatic;
				CURRENT_PROJECT_VERSION = 1;
				DEVELOPMENT_TEAM = 3UHRLQ9522;
				GENERATE_INFOPLIST_FILE = YES;
				INFOPLIST_FILE = Cosas/App/Info.plist;
				INFOPLIST_KEY_LSApplicationCategoryType = "public.app-category.productivity";
				INFOPLIST_KEY_UIApplicationSupportsIndirectInputEvents = YES;
				INFOPLIST_KEY_UILaunchStoryboardName = LaunchScreen;
				INFOPLIST_KEY_UISupportedInterfaceOrientations = UIInterfaceOrientationPortrait;
				INFOPLIST_KEY_UISupportedInterfaceOrientations_iPad = "UIInterfaceOrientationLandscapeLeft UIInterfaceOrientationLandscapeRight UIInterfaceOrientationPortrait UIInterfaceOrientationPortraitUpsideDown";
				LD_RUNPATH_SEARCH_PATHS = (
					"$(inherited)",
					"@executable_path/Frameworks",
				);
				MARKETING_VERSION = 1.0;
				PRODUCT_BUNDLE_IDENTIFIER = Penkov.Cosas;
				PRODUCT_NAME = "$(TARGET_NAME)";
				SUPPORTED_PLATFORMS = "iphoneos iphonesimulator";
				SUPPORTS_MACCATALYST = NO;
				SUPPORTS_MAC_DESIGNED_FOR_IPHONE_IPAD = NO;
				SUPPORTS_XR_DESIGNED_FOR_IPHONE_IPAD = NO;
				SWIFT_EMIT_LOC_STRINGS = YES;
				SWIFT_VERSION = 5.0;
				TARGETED_DEVICE_FAMILY = 1;
			};
			name = Debug;
		};
		D276821B2B80BBCC002F36A8 /* Release */ = {
			isa = XCBuildConfiguration;
			buildSettings = {
				ASSETCATALOG_COMPILER_APPICON_NAME = AppIcon;
				ASSETCATALOG_COMPILER_GLOBAL_ACCENT_COLOR_NAME = AccentColor;
				CODE_SIGN_STYLE = Automatic;
				CURRENT_PROJECT_VERSION = 1;
				DEVELOPMENT_TEAM = 3UHRLQ9522;
				GENERATE_INFOPLIST_FILE = YES;
				INFOPLIST_FILE = Cosas/App/Info.plist;
				INFOPLIST_KEY_LSApplicationCategoryType = "public.app-category.productivity";
				INFOPLIST_KEY_UIApplicationSupportsIndirectInputEvents = YES;
				INFOPLIST_KEY_UILaunchStoryboardName = LaunchScreen;
				INFOPLIST_KEY_UISupportedInterfaceOrientations = UIInterfaceOrientationPortrait;
				INFOPLIST_KEY_UISupportedInterfaceOrientations_iPad = "UIInterfaceOrientationLandscapeLeft UIInterfaceOrientationLandscapeRight UIInterfaceOrientationPortrait UIInterfaceOrientationPortraitUpsideDown";
				LD_RUNPATH_SEARCH_PATHS = (
					"$(inherited)",
					"@executable_path/Frameworks",
				);
				MARKETING_VERSION = 1.0;
				PRODUCT_BUNDLE_IDENTIFIER = Penkov.Cosas;
				PRODUCT_NAME = "$(TARGET_NAME)";
				SUPPORTED_PLATFORMS = "iphoneos iphonesimulator";
				SUPPORTS_MACCATALYST = NO;
				SUPPORTS_MAC_DESIGNED_FOR_IPHONE_IPAD = NO;
				SUPPORTS_XR_DESIGNED_FOR_IPHONE_IPAD = NO;
				SWIFT_EMIT_LOC_STRINGS = YES;
				SWIFT_VERSION = 5.0;
				TARGETED_DEVICE_FAMILY = 1;
			};
			name = Release;
		};
/* End XCBuildConfiguration section */

/* Begin XCConfigurationList section */
		D27682002B80BBCB002F36A8 /* Build configuration list for PBXProject "Cosas" */ = {
			isa = XCConfigurationList;
			buildConfigurations = (
				D27682172B80BBCC002F36A8 /* Debug */,
				D27682182B80BBCC002F36A8 /* Release */,
			);
			defaultConfigurationIsVisible = 0;
			defaultConfigurationName = Release;
		};
		D27682192B80BBCC002F36A8 /* Build configuration list for PBXNativeTarget "Cosas" */ = {
			isa = XCConfigurationList;
			buildConfigurations = (
				D276821A2B80BBCC002F36A8 /* Debug */,
				D276821B2B80BBCC002F36A8 /* Release */,
			);
			defaultConfigurationIsVisible = 0;
			defaultConfigurationName = Release;
		};
/* End XCConfigurationList section */

/* Begin XCRemoteSwiftPackageReference section */
		D23862A32B835D0100286EBE /* XCRemoteSwiftPackageReference "realm-swift" */ = {
			isa = XCRemoteSwiftPackageReference;
			repositoryURL = "https://github.com/realm/realm-swift.git";
			requirement = {
				branch = master;
				kind = branch;
			};
		};
/* End XCRemoteSwiftPackageReference section */

/* Begin XCSwiftPackageProductDependency section */
		D23862A42B835D0200286EBE /* Realm */ = {
			isa = XCSwiftPackageProductDependency;
			package = D23862A32B835D0100286EBE /* XCRemoteSwiftPackageReference "realm-swift" */;
			productName = Realm;
		};
		D23862A62B835D0200286EBE /* RealmSwift */ = {
			isa = XCSwiftPackageProductDependency;
			package = D23862A32B835D0100286EBE /* XCRemoteSwiftPackageReference "realm-swift" */;
			productName = RealmSwift;
		};
/* End XCSwiftPackageProductDependency section */
	};
	rootObject = D27681FD2B80BBCB002F36A8 /* Project object */;
}
